
Microsoft Visual Studio Solution File, Format Version 12.00
# Visual Studio Version 17
VisualStudioVersion = 17.2.32616.157
MinimumVisualStudioVersion = 10.0.40219.1
Project("{FAE04EC0-301F-11D3-BF4B-00C04F79EFBC}") = "MyFunctionApp", "MyFunctionApp\MyFunctionApp.csproj", "{6A0B942F-6A13-482C-B1D0-C4930D32FA6D}"
EndProject
Project("{FAE04EC0-301F-11D3-BF4B-00C04F79EFBC}") = "TimerTrigger", "TimerTrigger\TimerTrigger.csproj", "{4725C824-2DD9-4EAA-A8DA-938462D9225B}"
EndProject
Global
	GlobalSection(SolutionConfigurationPlatforms) = preSolution
		Debug|Any CPU = Debug|Any CPU
		Release|Any CPU = Release|Any CPU
	EndGlobalSection
	GlobalSection(ProjectConfigurationPlatforms) = postSolution
		{6A0B942F-6A13-482C-B1D0-C4930D32FA6D}.Debug|Any CPU.ActiveCfg = Debug|Any CPU
		{6A0B942F-6A13-482C-B1D0-C4930D32FA6D}.Debug|Any CPU.Build.0 = Debug|Any CPU
		{6A0B942F-6A13-482C-B1D0-C4930D32FA6D}.Release|Any CPU.ActiveCfg = Release|Any CPU
		{6A0B942F-6A13-482C-B1D0-C4930D32FA6D}.Release|Any CPU.Build.0 = Release|Any CPU
		{4725C824-2DD9-4EAA-A8DA-938462D9225B}.Debug|Any CPU.ActiveCfg = Debug|Any CPU
		{4725C824-2DD9-4EAA-A8DA-938462D9225B}.Debug|Any CPU.Build.0 = Debug|Any CPU
		{4725C824-2DD9-4EAA-A8DA-938462D9225B}.Release|Any CPU.ActiveCfg = Release|Any CPU
		{4725C824-2DD9-4EAA-A8DA-938462D9225B}.Release|Any CPU.Build.0 = Release|Any CPU
	EndGlobalSection
	GlobalSection(SolutionProperties) = preSolution
		HideSolutionNode = FALSE
	EndGlobalSection
	GlobalSection(ExtensibilityGlobals) = postSolution
		SolutionGuid = {9AA68593-057D-417F-93F7-42AA09C77F57}
	EndGlobalSection
EndGlobal
